# This file is autogenerated, do not edit; changes may be undone by the next 'dep ensure'.


[[projects]]
  digest = "1:d6afaeed1502aa28e80a4ed0981d570ad91b2579193404256ce672ed0a609e0d"
  name = "github.com/beorn7/perks"
  packages = ["quantile"]
  pruneopts = "UT"
  revision = "4b2b341e8d7715fae06375aa633dbb6e91b3fb46"
  version = "v1.0.0"

[[projects]]
  digest = "1:0ef770954bca104ee99b3b6b7f9b240605ac03517d9f98cbc1893daa03f3c038"
  name = "github.com/coreos/go-semver"
  packages = ["semver"]
  pruneopts = "UT"
  revision = "8ab6407b697782a06568d4b7f1db25550ec2e4c6"
  version = "v0.2.0"

[[projects]]
  digest = "1:abeb38ade3f32a92943e5be54f55ed6d6e3b6602761d74b4aab4c9dd45c18abd"
  name = "github.com/fsnotify/fsnotify"
  packages = ["."]
  pruneopts = "UT"
  revision = "c2828203cd70a50dcccfb2761f8b1f8ceef9a8e9"
  version = "v1.4.7"

[[projects]]
  branch = "master"
  digest = "1:0cd1f8937bb48cc706284c0bf76d645229046313c5d6b93fbfe2b99cbd8850af"
  name = "github.com/giantswarm/exporterkit"
  packages = [
    "collector",
    "histogram",
    "histogramvec",
  ]
  pruneopts = "UT"
  revision = "3c367b3fab44e69ff2657b7ba61ac7eb93f8c86b"

[[projects]]
  branch = "master"
  digest = "1:b7f7982da706514dcb15a2d9211d932efb654c33d4ac105d552ae1981702dad4"
  name = "github.com/giantswarm/microendpoint"
  packages = [
    "endpoint/healthz",
    "endpoint/version",
    "service/healthz",
    "service/version",
  ]
  pruneopts = "UT"
  revision = "f77c569259aef9cea5e38d0d7d94bf1d7d07d136"

[[projects]]
  branch = "master"
  digest = "1:79f54a2f18a165a7f4310ff5ec6ae87e5352e31a5ac2b0e84e8913ba22cfa841"
  name = "github.com/giantswarm/microerror"
  packages = ["."]
  pruneopts = "UT"
  revision = "dc32fd459f94c7f9f938366135f6a19b3f9c63a9"

[[projects]]
  branch = "master"
  digest = "1:83013eaf386dd720e63ab59999d7ea22390fae720bc7c7d3fa31a8c07efb9894"
  name = "github.com/giantswarm/microkit"
  packages = [
    "command",
    "command/daemon",
    "command/daemon/flag",
    "command/daemon/flag/config",
    "command/daemon/flag/server",
    "command/daemon/flag/server/enable",
    "command/daemon/flag/server/enable/debug",
    "command/daemon/flag/server/listen",
    "command/daemon/flag/server/log",
    "command/daemon/flag/server/tls",
    "command/version",
    "flag",
    "server",
    "tls",
  ]
  pruneopts = "UT"
  revision = "864e4cc9c80644e48e8ac3168b6aafb5cbd0e5bb"

[[projects]]
  branch = "master"
  digest = "1:c4f855224acc710b203150c63a0920cd47612d52ebe21516f03653c9cb824f84"
  name = "github.com/giantswarm/micrologger"
  packages = [
    ".",
    "loggermeta",
  ]
  pruneopts = "UT"
  revision = "0926d9b7c5419173936b4556411a103bdf8d5966"

[[projects]]
  branch = "master"
  digest = "1:c4b6fa60c419ae7d310e04ed2e37f38e685847416e193a5f5ce97ff81fe00443"
  name = "github.com/giantswarm/versionbundle"
  packages = ["."]
  pruneopts = "UT"
  revision = "c91a5899eae8867e7966df734f4cccbba450c841"

[[projects]]
  digest = "1:83a37f3bd4ccd13469775ef771e943e6c7cfaba6926decff6c83135e56512f08"
  name = "github.com/go-kit/kit"
  packages = [
    "endpoint",
    "log",
    "transport/http",
  ]
  pruneopts = "UT"
  revision = "4dc7be5d2d12881735283bcab7352178e190fc71"
  version = "v0.6.0"

[[projects]]
  digest = "1:4062bc6de62d73e2be342243cf138cf499b34d558876db8d9430e2149388a4d8"
  name = "github.com/go-logfmt/logfmt"
  packages = ["."]
  pruneopts = "UT"
  revision = "07c9b44f60d7ffdfb7d8efe1ad539965737836dc"
  version = "v0.4.0"

[[projects]]
  digest = "1:586ea76dbd0374d6fb649a91d70d652b7fe0ccffb8910a77468e7702e7901f3d"
  name = "github.com/go-stack/stack"
  packages = ["."]
  pruneopts = "UT"
  revision = "2fee6af1a9795aafbe0253a0cfbdf668e1fb8a9a"
  version = "v1.8.0"

[[projects]]
  digest = "1:318f1c959a8a740366fce4b1e1eb2fd914036b4af58fbd0a003349b305f118ad"
  name = "github.com/golang/protobuf"
  packages = ["proto"]
  pruneopts = "UT"
  revision = "b5d812f8a3706043e23a9cd5babf2e5423744d30"
  version = "v1.3.1"

[[projects]]
  digest = "1:d5f97fc268267ec1b61c3453058c738246fc3e746f14b1ae25161513b7367b0c"
  name = "github.com/gorilla/mux"
  packages = ["."]
  pruneopts = "UT"
  revision = "c5c6c98bc25355028a63748a498942a6398ccd22"
  version = "v1.7.1"

[[projects]]
  digest = "1:c0d19ab64b32ce9fe5cf4ddceba78d5bc9807f0016db6b1183599da3dcc24d10"
  name = "github.com/hashicorp/hcl"
  packages = [
    ".",
    "hcl/ast",
    "hcl/parser",
    "hcl/printer",
    "hcl/scanner",
    "hcl/strconv",
    "hcl/token",
    "json/parser",
    "json/scanner",
    "json/token",
  ]
  pruneopts = "UT"
  revision = "8cb6e5b959231cc1119e43259c4a608f9c51a241"
  version = "v1.0.0"

[[projects]]
  digest = "1:870d441fe217b8e689d7949fef6e43efbc787e50f200cb1e70dbca9204a1d6be"
  name = "github.com/inconshreveable/mousetrap"
  packages = ["."]
  pruneopts = "UT"
  revision = "76626ae9c91c4f2a10f34cad8ce83ea42c93bb75"
  version = "v1.0"

[[projects]]
  digest = "1:20c9a48bf528c74416f1f66bef064e287dc3e181469552f7165ff5c470438a0f"
  name = "github.com/jszwedko/go-circleci"
  packages = ["."]
  pruneopts = "UT"
  revision = "0150d5f69b6fec5b54c699c832e1d6962c739529"
  version = "v0.2.0"

[[projects]]
  branch = "master"
  digest = "1:926b6084b81f49359f67e48ef8b74f33ea8509afe8410d3b34789eaea02da898"
  name = "github.com/juju/errgo"
  packages = ["."]
  pruneopts = "UT"
  revision = "08cceb5d0b5331634b9826762a8fd53b29b86ad8"

[[projects]]
  branch = "master"
  digest = "1:a64e323dc06b73892e5bb5d040ced475c4645d456038333883f58934abbf6f72"
  name = "github.com/kr/logfmt"
  packages = ["."]
  pruneopts = "UT"
  revision = "b84e30acd515aadc4b783ad4ff83aff3299bdfe0"

[[projects]]
  digest = "1:c568d7727aa262c32bdf8a3f7db83614f7af0ed661474b24588de635c20024c7"
  name = "github.com/magiconair/properties"
  packages = ["."]
  pruneopts = "UT"
  revision = "c2353362d570a7bfa228149c62842019201cfb71"
  version = "v1.8.0"

[[projects]]
  digest = "1:ff5ebae34cfbf047d505ee150de27e60570e8c394b3b8fdbb720ff6ac71985fc"
  name = "github.com/matttproud/golang_protobuf_extensions"
  packages = ["pbutil"]
  pruneopts = "UT"
  revision = "c12348ce28de40eed0136aa2b644d0ee0650e56c"
  version = "v1.0.1"

[[projects]]
  digest = "1:53bc4cd4914cd7cd52139990d5170d6dc99067ae31c56530621b18b35fc30318"
  name = "github.com/mitchellh/mapstructure"
  packages = ["."]
  pruneopts = "UT"
  revision = "3536a929edddb9a5b34bd6861dc4a9647cb459fe"
  version = "v1.1.2"

[[projects]]
  digest = "1:e0f50a07c0def90588d69f77178712c6fdc67eb6576365f551cce98b44b501bf"
  name = "github.com/pelletier/go-toml"
  packages = ["."]
  pruneopts = "UT"
  revision = "63909f0a90ab0f36909e8e044e46ace10cf13ba2"
  version = "v1.3.0"

[[projects]]
  branch = "master"
  digest = "1:83cafe4aa5ad67688af16001c10cfc9c0c511b44fe06db16edd7d49ef99e8362"
  name = "github.com/prometheus/client_golang"
  packages = [
    "prometheus",
    "prometheus/internal",
    "prometheus/promhttp",
  ]
  pruneopts = "UT"
  revision = "a4daf0098cbdb8d67db6a1cef73c7e7956edef05"

[[projects]]
  branch = "master"
  digest = "1:2d5cd61daa5565187e1d96bae64dbbc6080dacf741448e9629c64fd93203b0d4"
  name = "github.com/prometheus/client_model"
  packages = ["go"]
  pruneopts = "UT"
  revision = "fd36f4220a901265f90734c3183c5f0c91daa0b8"

[[projects]]
  digest = "1:35cf6bdf68db765988baa9c4f10cc5d7dda1126a54bd62e252dbcd0b1fc8da90"
  name = "github.com/prometheus/common"
  packages = [
    "expfmt",
    "internal/bitbucket.org/ww/goautoneg",
    "model",
  ]
  pruneopts = "UT"
  revision = "a82f4c12f983cc2649298185f296632953e50d3e"
  version = "v0.3.0"

[[projects]]
  branch = "master"
  digest = "1:2ea45e71e0198d6b989ed6302cc4f72a83be1e7d6469d08a59e56a2c447aea55"
  name = "github.com/prometheus/procfs"
  packages = ["."]
  pruneopts = "UT"
  revision = "87a4384529e0652f5035fb5cc8095faf73ea9b0b"

[[projects]]
  digest = "1:bb495ec276ab82d3dd08504bbc0594a65de8c3b22c6f2aaa92d05b73fbf3a82e"
  name = "github.com/spf13/afero"
  packages = [
    ".",
    "mem",
  ]
  pruneopts = "UT"
  revision = "588a75ec4f32903aa5e39a2619ba6a4631e28424"
  version = "v1.2.2"

[[projects]]
  digest = "1:08d65904057412fc0270fc4812a1c90c594186819243160dc779a402d4b6d0bc"
  name = "github.com/spf13/cast"
  packages = ["."]
  pruneopts = "UT"
  revision = "8c9545af88b134710ab1cd196795e7f2388358d7"
  version = "v1.3.0"

[[projects]]
  digest = "1:645cabccbb4fa8aab25a956cbcbdf6a6845ca736b2c64e197ca7cbb9d210b939"
  name = "github.com/spf13/cobra"
  packages = ["."]
  pruneopts = "UT"
  revision = "ef82de70bb3f60c65fb8eebacbb2d122ef517385"
  version = "v0.0.3"

[[projects]]
  digest = "1:1b753ec16506f5864d26a28b43703c58831255059644351bbcb019b843950900"
  name = "github.com/spf13/jwalterweatherman"
  packages = ["."]
  pruneopts = "UT"
  revision = "94f6ae3ed3bceceafa716478c5fbf8d29ca601a1"
  version = "v1.1.0"

[[projects]]
  digest = "1:c1b1102241e7f645bc8e0c22ae352e8f0dc6484b6cb4d132fa9f24174e0119e2"
  name = "github.com/spf13/pflag"
  packages = ["."]
  pruneopts = "UT"
  revision = "298182f68c66c05229eb03ac171abe6e309ee79a"
  version = "v1.0.3"

[[projects]]
  digest = "1:1b773526998f3dbde3a51a4a5881680c4d237d3600f570d900f97ac93c7ba0a8"
  name = "github.com/spf13/viper"
  packages = ["."]
  pruneopts = "UT"
  revision = "9e56dacc08fbbf8c9ee2dbc717553c758ce42bc9"
  version = "v1.3.2"

[[projects]]
  branch = "master"
  digest = "1:6b32e89d721bcc3f5ad131f7ea1c4926ecf2c49225feff288a1d2e9fd86c1bd3"
  name = "golang.org/x/net"
  packages = [
    "idna",
    "publicsuffix",
  ]
  pruneopts = "UT"
  revision = "4829fb13d2c62012c17688fa7f629f371014946d"

[[projects]]
  branch = "master"
  digest = "1:b521f10a2d8fa85c04a8ef4e62f2d1e14d303599a55d64dabf9f5a02f84d35eb"
  name = "golang.org/x/sync"
  packages = ["errgroup"]
  pruneopts = "UT"
  revision = "112230192c580c3556b8cee6403af37a4fc5f28c"

[[projects]]
  branch = "master"
  digest = "1:dcd2e9de31e20e01b156288ce4fc239498564295bdbb59d8aaf591af94778162"
  name = "golang.org/x/sys"
  packages = ["unix"]
  pruneopts = "UT"
  revision = "d89cdac9e8725f2aefce25fcbfef41134c9ad412"

[[projects]]
  digest = "1:8d8faad6b12a3a4c819a3f9618cb6ee1fa1cfc33253abeeea8b55336721e3405"
  name = "golang.org/x/text"
  packages = [
    "collate",
    "collate/build",
    "internal/colltab",
    "internal/gen",
    "internal/language",
    "internal/language/compact",
    "internal/tag",
    "internal/triegen",
    "internal/ucd",
    "language",
    "secure/bidirule",
    "transform",
    "unicode/bidi",
    "unicode/cldr",
    "unicode/norm",
    "unicode/rangetable",
  ]
  pruneopts = "UT"
  revision = "342b2e1fbaa52c93f31447ad2c6abc048c63e475"
  version = "v0.3.2"

[[projects]]
  digest = "1:41206f4d0410803e64cfb203f665330c3183988408cb532b56305a816a87bd99"
  name = "gopkg.in/resty.v1"
  packages = ["."]
  pruneopts = "UT"
  revision = "fa5875c0caa5c260ab78acec5a244215a730247f"
  version = "v1.12.0"

[[projects]]
  digest = "1:4d2e5a73dc1500038e504a8d78b986630e3626dc027bc030ba5c75da257cdb96"
  name = "gopkg.in/yaml.v2"
  packages = ["."]
  pruneopts = "UT"
  revision = "51d6538a90f86fe93ac480b35f37b2be17fef232"
  version = "v2.2.2"

[solve-meta]
  analyzer-name = "dep"
  analyzer-version = 1
  input-imports = [
    "github.com/giantswarm/exporterkit/collector",
    "github.com/giantswarm/exporterkit/histogramvec",
    "github.com/giantswarm/microendpoint/endpoint/healthz",
    "github.com/giantswarm/microendpoint/endpoint/version",
    "github.com/giantswarm/microendpoint/service/version",
    "github.com/giantswarm/microerror",
    "github.com/giantswarm/microkit/command",
    "github.com/giantswarm/microkit/flag",
    "github.com/giantswarm/microkit/server",
    "github.com/giantswarm/micrologger",
    "github.com/jszwedko/go-circleci",
    "github.com/prometheus/client_golang/prometheus",
    "github.com/spf13/viper",
  ]
  solver-name = "gps-cdcl"
  solver-version = 1
